PODS:
  - Alamofire (5.7.1)
  - Kingfisher (7.9.0)
  - KRActivityIndicatorView (3.0.7)
  - KRProgressHUD (3.4.7):
    - KRActivityIndicatorView (= 3.0.7)
  - RxCocoa (6.5.0):
    - RxRelay (= 6.5.0)
    - RxSwift (= 6.5.0)
  - RxRelay (6.5.0):
    - RxSwift (= 6.5.0)
  - RxSwift (6.5.0)
  - SwiftLint (0.52.4)
  - SwiftyBeaver (1.9.5)

DEPENDENCIES:
  - Alamofire
  - Kingfisher
  - KRProgressHUD
  - RxCocoa
  - RxSwift
  - SwiftLint
  - SwiftyBeaver

SPEC REPOS:
  trunk:
    - Alamofire
    - Kingfisher
    - KRActivityIndicatorView
    - KRProgressHUD
    - RxCocoa
    - RxRelay
    - RxSwift
    - SwiftLint
    - SwiftyBeaver

SPEC CHECKSUMS:
  Alamofire: 0123a34370cb170936ae79a8df46cc62b2edeb88
  Kingfisher: 59f908b6d2f403b0a3e539debb0eec05cb27002c
  KRActivityIndicatorView: ad69e89c4ce40c986cf580595be4829dcad0e35a
  KRProgressHUD: a248f0bc6c9c2aed40a37b76e03ffecc7f85c887
  RxCocoa: 94f817b71c07517321eb4f9ad299112ca8af743b
  RxRelay: 1de1523e604c72b6c68feadedd1af3b1b4d0ecbd
  RxSwift: 5710a9e6b17f3c3d6e40d6e559b9fa1e813b2ef8
  SwiftLint: 1cc5cd61ba9bacb2194e340aeb47a2a37fda00b3
  SwiftyBeaver: 84069991dd5dca07d7069100985badaca7f0ce82

PODFILE CHECKSUM: a8274b6a239b64b85409820e6d132c6717f82fc2

COCOAPODS: 1.11.3
