// !$*UTF8*$!
{
	archiveVersion = 1;
	classes = {
	};
	objectVersion = 50;
	objects = {

/* Begin PBXBuildFile section */
		314DBEA2226731AD003D9BB7 /* MovieExplorerTests.swift in Sources */ = {isa = PBXBuildFile; fileRef = 314DBEA1226731AD003D9BB7 /* MovieExplorerTests.swift */; };
		314DBEBD22673624003D9BB7 /* LaunchScreen.storyboard in Resources */ = {isa = PBXBuildFile; fileRef = 314DBEAE22673624003D9BB7 /* LaunchScreen.storyboard */; };
		314DBEBE22673624003D9BB7 /* Assets.xcassets in Resources */ = {isa = PBXBuildFile; fileRef = 314DBEB022673624003D9BB7 /* Assets.xcassets */; };
		314DBEC022673624003D9BB7 /* Main.storyboard in Resources */ = {isa = PBXBuildFile; fileRef = 314DBEB622673624003D9BB7 /* Main.storyboard */; };
		314DBEC122673624003D9BB7 /* ViewController.swift in Sources */ = {isa = PBXBuildFile; fileRef = 314DBEB822673624003D9BB7 /* ViewController.swift */; };
		314DBEC222673624003D9BB7 /* AppDelegate.swift in Sources */ = {isa = PBXBuildFile; fileRef = 314DBEBC22673624003D9BB7 /* AppDelegate.swift */; };
		314DBEC422673714003D9BB7 /* README.md in Resources */ = {isa = PBXBuildFile; fileRef = 314DBEC322673714003D9BB7 /* README.md */; };
		314DBEC722673855003D9BB7 /* .swiftlint.yml in Resources */ = {isa = PBXBuildFile; fileRef = 314DBEC622673855003D9BB7 /* .swiftlint.yml */; };
		314DBECA22673D18003D9BB7 /* UIImage+Extension.swift in Sources */ = {isa = PBXBuildFile; fileRef = 314DBEC922673D18003D9BB7 /* UIImage+Extension.swift */; };
		314DBED722673E64003D9BB7 /* ProgressHUD.swift in Sources */ = {isa = PBXBuildFile; fileRef = 314DBED622673E64003D9BB7 /* ProgressHUD.swift */; };
		314DBEDB22673EB0003D9BB7 /* Constants.swift in Sources */ = {isa = PBXBuildFile; fileRef = 314DBED922673EB0003D9BB7 /* Constants.swift */; };
		314DBEDC22673EB0003D9BB7 /* Utility.swift in Sources */ = {isa = PBXBuildFile; fileRef = 314DBEDA22673EB0003D9BB7 /* Utility.swift */; };
		314DBEE1226740B8003D9BB7 /* Service.swift in Sources */ = {isa = PBXBuildFile; fileRef = 314DBEE0226740B8003D9BB7 /* Service.swift */; };
		314DBEE3226740D8003D9BB7 /* Translation.swift in Sources */ = {isa = PBXBuildFile; fileRef = 314DBEE2226740D8003D9BB7 /* Translation.swift */; };
		314DBEE622674113003D9BB7 /* APIConstants.swift in Sources */ = {isa = PBXBuildFile; fileRef = 314DBEE522674113003D9BB7 /* APIConstants.swift */; };
		314DBEEA2267431B003D9BB7 /* MovieService.swift in Sources */ = {isa = PBXBuildFile; fileRef = 314DBEE92267431B003D9BB7 /* MovieService.swift */; };
		314DBEEC22674325003D9BB7 /* GenreService.swift in Sources */ = {isa = PBXBuildFile; fileRef = 314DBEEB22674325003D9BB7 /* GenreService.swift */; };
		7D51DD1F6912DA0EDB113849 /* Pods_MovieExplorer.framework in Frameworks */ = {isa = PBXBuildFile; fileRef = D13B9BF06D1653DBB24DC504 /* Pods_MovieExplorer.framework */; };
		A3EC76B187BADD63CD5E81E6 /* Pods_MovieExplorerTests.framework in Frameworks */ = {isa = PBXBuildFile; fileRef = 0C627F23219145AEE22A209F /* Pods_MovieExplorerTests.framework */; };
/* End PBXBuildFile section */

/* Begin PBXContainerItemProxy section */
		314DBE9E226731AD003D9BB7 /* PBXContainerItemProxy */ = {
			isa = PBXContainerItemProxy;
			containerPortal = 314DBE81226731AC003D9BB7 /* Project object */;
			proxyType = 1;
			remoteGlobalIDString = 314DBE88226731AC003D9BB7;
			remoteInfo = MovieExplorer;
		};
/* End PBXContainerItemProxy section */

/* Begin PBXFileReference section */
		070AC8FACFB6460F4C4D162A /* Pods-MovieExplorer.debug.xcconfig */ = {isa = PBXFileReference; includeInIndex = 1; lastKnownFileType = text.xcconfig; name = "Pods-MovieExplorer.debug.xcconfig"; path = "Target Support Files/Pods-MovieExplorer/Pods-MovieExplorer.debug.xcconfig"; sourceTree = "<group>"; };
		0C627F23219145AEE22A209F /* Pods_MovieExplorerTests.framework */ = {isa = PBXFileReference; explicitFileType = wrapper.framework; includeInIndex = 0; path = Pods_MovieExplorerTests.framework; sourceTree = BUILT_PRODUCTS_DIR; };
		30E6076B17EEFFB88AFEAF42 /* Pods-MovieExplorer.release.xcconfig */ = {isa = PBXFileReference; includeInIndex = 1; lastKnownFileType = text.xcconfig; name = "Pods-MovieExplorer.release.xcconfig"; path = "Target Support Files/Pods-MovieExplorer/Pods-MovieExplorer.release.xcconfig"; sourceTree = "<group>"; };
		314DBE89226731AC003D9BB7 /* MovieExplorer.app */ = {isa = PBXFileReference; explicitFileType = wrapper.application; includeInIndex = 0; path = MovieExplorer.app; sourceTree = BUILT_PRODUCTS_DIR; };
		314DBE9D226731AD003D9BB7 /* MovieExplorerTests.xctest */ = {isa = PBXFileReference; explicitFileType = wrapper.cfbundle; includeInIndex = 0; path = MovieExplorerTests.xctest; sourceTree = BUILT_PRODUCTS_DIR; };
		314DBEA1226731AD003D9BB7 /* MovieExplorerTests.swift */ = {isa = PBXFileReference; lastKnownFileType = sourcecode.swift; path = MovieExplorerTests.swift; sourceTree = "<group>"; };
		314DBEA3226731AD003D9BB7 /* Info.plist */ = {isa = PBXFileReference; lastKnownFileType = text.plist.xml; path = Info.plist; sourceTree = "<group>"; };
		314DBEAF22673624003D9BB7 /* Base */ = {isa = PBXFileReference; lastKnownFileType = file.storyboard; name = Base; path = Base.lproj/LaunchScreen.storyboard; sourceTree = "<group>"; };
		314DBEB022673624003D9BB7 /* Assets.xcassets */ = {isa = PBXFileReference; lastKnownFileType = folder.assetcatalog; path = Assets.xcassets; sourceTree = "<group>"; };
		314DBEB222673624003D9BB7 /* Info.plist */ = {isa = PBXFileReference; fileEncoding = 4; lastKnownFileType = text.plist.xml; path = Info.plist; sourceTree = "<group>"; };
		314DBEB722673624003D9BB7 /* Base */ = {isa = PBXFileReference; lastKnownFileType = file.storyboard; name = Base; path = Base.lproj/Main.storyboard; sourceTree = "<group>"; };
		314DBEB822673624003D9BB7 /* ViewController.swift */ = {isa = PBXFileReference; fileEncoding = 4; lastKnownFileType = sourcecode.swift; path = ViewController.swift; sourceTree = "<group>"; };
		314DBEBC22673624003D9BB7 /* AppDelegate.swift */ = {isa = PBXFileReference; fileEncoding = 4; lastKnownFileType = sourcecode.swift; path = AppDelegate.swift; sourceTree = "<group>"; };
		314DBEC322673714003D9BB7 /* README.md */ = {isa = PBXFileReference; fileEncoding = 4; lastKnownFileType = net.daringfireball.markdown; path = README.md; sourceTree = "<group>"; };
		314DBEC622673855003D9BB7 /* .swiftlint.yml */ = {isa = PBXFileReference; fileEncoding = 4; lastKnownFileType = text; path = .swiftlint.yml; sourceTree = SOURCE_ROOT; };
		314DBEC922673D18003D9BB7 /* UIImage+Extension.swift */ = {isa = PBXFileReference; lastKnownFileType = sourcecode.swift; path = "UIImage+Extension.swift"; sourceTree = "<group>"; };
		314DBED622673E64003D9BB7 /* ProgressHUD.swift */ = {isa = PBXFileReference; fileEncoding = 4; lastKnownFileType = sourcecode.swift; path = ProgressHUD.swift; sourceTree = "<group>"; };
		314DBED922673EB0003D9BB7 /* Constants.swift */ = {isa = PBXFileReference; fileEncoding = 4; lastKnownFileType = sourcecode.swift; path = Constants.swift; sourceTree = "<group>"; };
		314DBEDA22673EB0003D9BB7 /* Utility.swift */ = {isa = PBXFileReference; fileEncoding = 4; lastKnownFileType = sourcecode.swift; path = Utility.swift; sourceTree = "<group>"; };
		314DBEE0226740B8003D9BB7 /* Service.swift */ = {isa = PBXFileReference; lastKnownFileType = sourcecode.swift; path = Service.swift; sourceTree = "<group>"; };
		314DBEE2226740D8003D9BB7 /* Translation.swift */ = {isa = PBXFileReference; lastKnownFileType = sourcecode.swift; path = Translation.swift; sourceTree = "<group>"; };
		314DBEE522674113003D9BB7 /* APIConstants.swift */ = {isa = PBXFileReference; lastKnownFileType = sourcecode.swift; path = APIConstants.swift; sourceTree = "<group>"; };
		314DBEE92267431B003D9BB7 /* MovieService.swift */ = {isa = PBXFileReference; lastKnownFileType = sourcecode.swift; path = MovieService.swift; sourceTree = "<group>"; };
		314DBEEB22674325003D9BB7 /* GenreService.swift */ = {isa = PBXFileReference; lastKnownFileType = sourcecode.swift; path = GenreService.swift; sourceTree = "<group>"; };
		804D7559862CEBC640BEC346 /* Pods-MovieExplorerTests.release.xcconfig */ = {isa = PBXFileReference; includeInIndex = 1; lastKnownFileType = text.xcconfig; name = "Pods-MovieExplorerTests.release.xcconfig"; path = "Target Support Files/Pods-MovieExplorerTests/Pods-MovieExplorerTests.release.xcconfig"; sourceTree = "<group>"; };
		886F4AB9865743521EB56EED /* Pods-MovieExplorerTests.debug.xcconfig */ = {isa = PBXFileReference; includeInIndex = 1; lastKnownFileType = text.xcconfig; name = "Pods-MovieExplorerTests.debug.xcconfig"; path = "Target Support Files/Pods-MovieExplorerTests/Pods-MovieExplorerTests.debug.xcconfig"; sourceTree = "<group>"; };
		D13B9BF06D1653DBB24DC504 /* Pods_MovieExplorer.framework */ = {isa = PBXFileReference; explicitFileType = wrapper.framework; includeInIndex = 0; path = Pods_MovieExplorer.framework; sourceTree = BUILT_PRODUCTS_DIR; };
/* End PBXFileReference section */

/* Begin PBXFrameworksBuildPhase section */
		314DBE86226731AC003D9BB7 /* Frameworks */ = {
			isa = PBXFrameworksBuildPhase;
			buildActionMask = 2147483647;
			files = (
				7D51DD1F6912DA0EDB113849 /* Pods_MovieExplorer.framework in Frameworks */,
			);
			runOnlyForDeploymentPostprocessing = 0;
		};
		314DBE9A226731AD003D9BB7 /* Frameworks */ = {
			isa = PBXFrameworksBuildPhase;
			buildActionMask = 2147483647;
			files = (
				A3EC76B187BADD63CD5E81E6 /* Pods_MovieExplorerTests.framework in Frameworks */,
			);
			runOnlyForDeploymentPostprocessing = 0;
		};
/* End PBXFrameworksBuildPhase section */

/* Begin PBXGroup section */
		314DBE80226731AC003D9BB7 = {
			isa = PBXGroup;
			children = (
				314DBEC322673714003D9BB7 /* README.md */,
				314DBE8B226731AC003D9BB7 /* MovieExplorer */,
				314DBEA0226731AD003D9BB7 /* MovieExplorerTests */,
				314DBE8A226731AC003D9BB7 /* Products */,
				566BD6735DFC47610CFAD8A0 /* Pods */,
				CBCA9A290C3DAAFC54DC5645 /* Frameworks */,
			);
			sourceTree = "<group>";
		};
		314DBE8A226731AC003D9BB7 /* Products */ = {
			isa = PBXGroup;
			children = (
				314DBE89226731AC003D9BB7 /* MovieExplorer.app */,
				314DBE9D226731AD003D9BB7 /* MovieExplorerTests.xctest */,
			);
			name = Products;
			sourceTree = "<group>";
		};
		314DBE8B226731AC003D9BB7 /* MovieExplorer */ = {
			isa = PBXGroup;
			children = (
				314DBEB322673624003D9BB7 /* Sources */,
				314DBEAC22673624003D9BB7 /* Resources */,
				314DBEB122673624003D9BB7 /* Supporting Files */,
			);
			path = MovieExplorer;
			sourceTree = "<group>";
		};
		314DBEA0226731AD003D9BB7 /* MovieExplorerTests */ = {
			isa = PBXGroup;
			children = (
				314DBEA1226731AD003D9BB7 /* MovieExplorerTests.swift */,
				314DBEA3226731AD003D9BB7 /* Info.plist */,
			);
			path = MovieExplorerTests;
			sourceTree = "<group>";
		};
		314DBEAC22673624003D9BB7 /* Resources */ = {
			isa = PBXGroup;
			children = (
				314DBEAD22673624003D9BB7 /* Storyboards */,
				314DBEB022673624003D9BB7 /* Assets.xcassets */,
			);
			path = Resources;
			sourceTree = "<group>";
		};
		314DBEAD22673624003D9BB7 /* Storyboards */ = {
			isa = PBXGroup;
			children = (
				314DBEAE22673624003D9BB7 /* LaunchScreen.storyboard */,
			);
			path = Storyboards;
			sourceTree = "<group>";
		};
		314DBEB122673624003D9BB7 /* Supporting Files */ = {
			isa = PBXGroup;
			children = (
				314DBEC522673828003D9BB7 /* SwiftLint */,
				314DBEB222673624003D9BB7 /* Info.plist */,
			);
			path = "Supporting Files";
			sourceTree = "<group>";
		};
		314DBEB322673624003D9BB7 /* Sources */ = {
			isa = PBXGroup;
			children = (
				314DBEBB22673624003D9BB7 /* AppDelegate */,
				314DBEB422673624003D9BB7 /* UI */,
				314DBEB922673624003D9BB7 /* Logic */,
				314DBEBA22673624003D9BB7 /* Extensions */,
			);
			path = Sources;
			sourceTree = "<group>";
		};
		314DBEB422673624003D9BB7 /* UI */ = {
			isa = PBXGroup;
			children = (
				314DBED522673E64003D9BB7 /* ProgressHUD */,
				314DBEB822673624003D9BB7 /* ViewController.swift */,
				314DBEB522673624003D9BB7 /* Storyboards */,
			);
			path = UI;
			sourceTree = "<group>";
		};
		314DBEB522673624003D9BB7 /* Storyboards */ = {
			isa = PBXGroup;
			children = (
				314DBEB622673624003D9BB7 /* Main.storyboard */,
			);
			path = Storyboards;
			sourceTree = "<group>";
		};
		314DBEB922673624003D9BB7 /* Logic */ = {
			isa = PBXGroup;
			children = (
				314DBEDD22674088003D9BB7 /* NetworkServices */,
				314DBED822673EB0003D9BB7 /* Utility */,
			);
			path = Logic;
			sourceTree = "<group>";
		};
		314DBEBA22673624003D9BB7 /* Extensions */ = {
			isa = PBXGroup;
			children = (
				314DBEC922673D18003D9BB7 /* UIImage+Extension.swift */,
			);
			path = Extensions;
			sourceTree = "<group>";
		};
		314DBEBB22673624003D9BB7 /* AppDelegate */ = {
			isa = PBXGroup;
			children = (
				314DBEBC22673624003D9BB7 /* AppDelegate.swift */,
			);
			path = AppDelegate;
			sourceTree = "<group>";
		};
		314DBEC522673828003D9BB7 /* SwiftLint */ = {
			isa = PBXGroup;
			children = (
				314DBEC622673855003D9BB7 /* .swiftlint.yml */,
			);
			name = SwiftLint;
			sourceTree = "<group>";
		};
		314DBED522673E64003D9BB7 /* ProgressHUD */ = {
			isa = PBXGroup;
			children = (
				314DBED622673E64003D9BB7 /* ProgressHUD.swift */,
			);
			path = ProgressHUD;
			sourceTree = "<group>";
		};
		314DBED822673EB0003D9BB7 /* Utility */ = {
			isa = PBXGroup;
			children = (
				314DBED922673EB0003D9BB7 /* Constants.swift */,
				314DBEDA22673EB0003D9BB7 /* Utility.swift */,
			);
			path = Utility;
			sourceTree = "<group>";
		};
		314DBEDD22674088003D9BB7 /* NetworkServices */ = {
			isa = PBXGroup;
			children = (
				314DBEE4226740FD003D9BB7 /* APIConstants */,
				314DBEDE22674097003D9BB7 /* Base */,
				314DBEDF2267409F003D9BB7 /* Services */,
			);
			path = NetworkServices;
			sourceTree = "<group>";
		};
		314DBEDE22674097003D9BB7 /* Base */ = {
			isa = PBXGroup;
			children = (
				314DBEE0226740B8003D9BB7 /* Service.swift */,
				314DBEE2226740D8003D9BB7 /* Translation.swift */,
			);
			path = Base;
			sourceTree = "<group>";
		};
		314DBEDF2267409F003D9BB7 /* Services */ = {
			isa = PBXGroup;
			children = (
				314DBEE92267431B003D9BB7 /* MovieService.swift */,
				314DBEEB22674325003D9BB7 /* GenreService.swift */,
			);
			path = Services;
			sourceTree = "<group>";
		};
		314DBEE4226740FD003D9BB7 /* APIConstants */ = {
			isa = PBXGroup;
			children = (
				314DBEE522674113003D9BB7 /* APIConstants.swift */,
			);
			path = APIConstants;
			sourceTree = "<group>";
		};
		566BD6735DFC47610CFAD8A0 /* Pods */ = {
			isa = PBXGroup;
			children = (
				070AC8FACFB6460F4C4D162A /* Pods-MovieExplorer.debug.xcconfig */,
				30E6076B17EEFFB88AFEAF42 /* Pods-MovieExplorer.release.xcconfig */,
				886F4AB9865743521EB56EED /* Pods-MovieExplorerTests.debug.xcconfig */,
				804D7559862CEBC640BEC346 /* Pods-MovieExplorerTests.release.xcconfig */,
			);
			path = Pods;
			sourceTree = "<group>";
		};
		CBCA9A290C3DAAFC54DC5645 /* Frameworks */ = {
			isa = PBXGroup;
			children = (
				D13B9BF06D1653DBB24DC504 /* Pods_MovieExplorer.framework */,
				0C627F23219145AEE22A209F /* Pods_MovieExplorerTests.framework */,
			);
			name = Frameworks;
			sourceTree = "<group>";
		};
/* End PBXGroup section */

/* Begin PBXNativeTarget section */
		314DBE88226731AC003D9BB7 /* MovieExplorer */ = {
			isa = PBXNativeTarget;
			buildConfigurationList = 314DBEA6226731AD003D9BB7 /* Build configuration list for PBXNativeTarget "MovieExplorer" */;
			buildPhases = (
				0E60A91A36A812D5515B0586 /* [CP] Check Pods Manifest.lock */,
				314DBEC82267388B003D9BB7 /* Lint Run Script */,
				314DBE85226731AC003D9BB7 /* Sources */,
				314DBE86226731AC003D9BB7 /* Frameworks */,
				314DBE87226731AC003D9BB7 /* Resources */,
				B8B49FBC5AC067A34CC3358B /* [CP] Embed Pods Frameworks */,
			);
			buildRules = (
			);
			dependencies = (
			);
			name = MovieExplorer;
			productName = MovieExplorer;
			productReference = 314DBE89226731AC003D9BB7 /* MovieExplorer.app */;
			productType = "com.apple.product-type.application";
		};
		314DBE9C226731AD003D9BB7 /* MovieExplorerTests */ = {
			isa = PBXNativeTarget;
			buildConfigurationList = 314DBEA9226731AD003D9BB7 /* Build configuration list for PBXNativeTarget "MovieExplorerTests" */;
			buildPhases = (
				DDBAA3DB2094BDAC6167F49F /* [CP] Check Pods Manifest.lock */,
				314DBE99226731AD003D9BB7 /* Sources */,
				314DBE9A226731AD003D9BB7 /* Frameworks */,
				314DBE9B226731AD003D9BB7 /* Resources */,
			);
			buildRules = (
			);
			dependencies = (
				314DBE9F226731AD003D9BB7 /* PBXTargetDependency */,
			);
			name = MovieExplorerTests;
			productName = MovieExplorerTests;
			productReference = 314DBE9D226731AD003D9BB7 /* MovieExplorerTests.xctest */;
			productType = "com.apple.product-type.bundle.unit-test";
		};
/* End PBXNativeTarget section */

/* Begin PBXProject section */
		314DBE81226731AC003D9BB7 /* Project object */ = {
			isa = PBXProject;
			attributes = {
				LastSwiftUpdateCheck = 1020;
				LastUpgradeCheck = 1020;
				ORGANIZATIONNAME = "Ahmad Ansari";
				TargetAttributes = {
					314DBE88226731AC003D9BB7 = {
						CreatedOnToolsVersion = 10.2;
					};
					314DBE9C226731AD003D9BB7 = {
						CreatedOnToolsVersion = 10.2;
						TestTargetID = 314DBE88226731AC003D9BB7;
					};
				};
			};
			buildConfigurationList = 314DBE84226731AC003D9BB7 /* Build configuration list for PBXProject "MovieExplorer" */;
			compatibilityVersion = "Xcode 9.3";
			developmentRegion = en;
			hasScannedForEncodings = 0;
			knownRegions = (
				en,
				Base,
			);
			mainGroup = 314DBE80226731AC003D9BB7;
			productRefGroup = 314DBE8A226731AC003D9BB7 /* Products */;
			projectDirPath = "";
			projectRoot = "";
			targets = (
				314DBE88226731AC003D9BB7 /* MovieExplorer */,
				314DBE9C226731AD003D9BB7 /* MovieExplorerTests */,
			);
		};
/* End PBXProject section */

/* Begin PBXResourcesBuildPhase section */
		314DBE87226731AC003D9BB7 /* Resources */ = {
			isa = PBXResourcesBuildPhase;
			buildActionMask = 2147483647;
			files = (
				314DBEC722673855003D9BB7 /* .swiftlint.yml in Resources */,
				314DBEBE22673624003D9BB7 /* Assets.xcassets in Resources */,
				314DBEBD22673624003D9BB7 /* LaunchScreen.storyboard in Resources */,
				314DBEC422673714003D9BB7 /* README.md in Resources */,
				314DBEC022673624003D9BB7 /* Main.storyboard in Resources */,
			);
			runOnlyForDeploymentPostprocessing = 0;
		};
		314DBE9B226731AD003D9BB7 /* Resources */ = {
			isa = PBXResourcesBuildPhase;
			buildActionMask = 2147483647;
			files = (
			);
			runOnlyForDeploymentPostprocessing = 0;
		};
/* End PBXResourcesBuildPhase section */

/* Begin PBXShellScriptBuildPhase section */
		0E60A91A36A812D5515B0586 /* [CP] Check Pods Manifest.lock */ = {
			isa = PBXShellScriptBuildPhase;
			buildActionMask = 2147483647;
			files = (
			);
			inputFileListPaths = (
			);
			inputPaths = (
				"${PODS_PODFILE_DIR_PATH}/Podfile.lock",
				"${PODS_ROOT}/Manifest.lock",
			);
			name = "[CP] Check Pods Manifest.lock";
			outputFileListPaths = (
			);
			outputPaths = (
				"$(DERIVED_FILE_DIR)/Pods-MovieExplorer-checkManifestLockResult.txt",
			);
			runOnlyForDeploymentPostprocessing = 0;
			shellPath = /bin/sh;
			shellScript = "diff \"${PODS_PODFILE_DIR_PATH}/Podfile.lock\" \"${PODS_ROOT}/Manifest.lock\" > /dev/null\nif [ $? != 0 ] ; then\n    # print error to STDERR\n    echo \"error: The sandbox is not in sync with the Podfile.lock. Run 'pod install' or update your CocoaPods installation.\" >&2\n    exit 1\nfi\n# This output is used by Xcode 'outputs' to avoid re-running this script phase.\necho \"SUCCESS\" > \"${SCRIPT_OUTPUT_FILE_0}\"\n";
			showEnvVarsInLog = 0;
		};
		314DBEC82267388B003D9BB7 /* Lint Run Script */ = {
			isa = PBXShellScriptBuildPhase;
			buildActionMask = 2147483647;
			files = (
			);
			inputFileListPaths = (
			);
			inputPaths = (
			);
			name = "Lint Run Script";
			outputFileListPaths = (
			);
			outputPaths = (
			);
			runOnlyForDeploymentPostprocessing = 0;
			shellPath = /bin/sh;
			shellScript = "# Type a script or drag a script file from your workspace to insert its path.\n\"${PODS_ROOT}/SwiftLint/swiftlint\" autocorrect\n";
		};
		B8B49FBC5AC067A34CC3358B /* [CP] Embed Pods Frameworks */ = {
			isa = PBXShellScriptBuildPhase;
			buildActionMask = 2147483647;
			files = (
			);
			inputFileListPaths = (
			);
			inputPaths = (
				"${PODS_ROOT}/Target Support Files/Pods-MovieExplorer/Pods-MovieExplorer-frameworks.sh",
				"${BUILT_PRODUCTS_DIR}/Alamofire/Alamofire.framework",
				"${BUILT_PRODUCTS_DIR}/KRActivityIndicatorView/KRActivityIndicatorView.framework",
				"${BUILT_PRODUCTS_DIR}/KRProgressHUD/KRProgressHUD.framework",
				"${BUILT_PRODUCTS_DIR}/Kingfisher/Kingfisher.framework",
				"${BUILT_PRODUCTS_DIR}/RxCocoa/RxCocoa.framework",
				"${BUILT_PRODUCTS_DIR}/RxSwift/RxSwift.framework",
				"${BUILT_PRODUCTS_DIR}/SwiftyBeaver/SwiftyBeaver.framework",
			);
			name = "[CP] Embed Pods Frameworks";
			outputFileListPaths = (
			);
			outputPaths = (
				"${TARGET_BUILD_DIR}/${FRAMEWORKS_FOLDER_PATH}/Alamofire.framework",
				"${TARGET_BUILD_DIR}/${FRAMEWORKS_FOLDER_PATH}/KRActivityIndicatorView.framework",
				"${TARGET_BUILD_DIR}/${FRAMEWORKS_FOLDER_PATH}/KRProgressHUD.framework",
				"${TARGET_BUILD_DIR}/${FRAMEWORKS_FOLDER_PATH}/Kingfisher.framework",
				"${TARGET_BUILD_DIR}/${FRAMEWORKS_FOLDER_PATH}/RxCocoa.framework",
				"${TARGET_BUILD_DIR}/${FRAMEWORKS_FOLDER_PATH}/RxSwift.framework",
				"${TARGET_BUILD_DIR}/${FRAMEWORKS_FOLDER_PATH}/SwiftyBeaver.framework",
			);
			runOnlyForDeploymentPostprocessing = 0;
			shellPath = /bin/sh;
			shellScript = "\"${PODS_ROOT}/Target Support Files/Pods-MovieExplorer/Pods-MovieExplorer-frameworks.sh\"\n";
			showEnvVarsInLog = 0;
		};
		DDBAA3DB2094BDAC6167F49F /* [CP] Check Pods Manifest.lock */ = {
			isa = PBXShellScriptBuildPhase;
			buildActionMask = 2147483647;
			files = (
			);
			inputFileListPaths = (
			);
			inputPaths = (
				"${PODS_PODFILE_DIR_PATH}/Podfile.lock",
				"${PODS_ROOT}/Manifest.lock",
			);
			name = "[CP] Check Pods Manifest.lock";
			outputFileListPaths = (
			);
			outputPaths = (
				"$(DERIVED_FILE_DIR)/Pods-MovieExplorerTests-checkManifestLockResult.txt",
			);
			runOnlyForDeploymentPostprocessing = 0;
			shellPath = /bin/sh;
			shellScript = "diff \"${PODS_PODFILE_DIR_PATH}/Podfile.lock\" \"${PODS_ROOT}/Manifest.lock\" > /dev/null\nif [ $? != 0 ] ; then\n    # print error to STDERR\n    echo \"error: The sandbox is not in sync with the Podfile.lock. Run 'pod install' or update your CocoaPods installation.\" >&2\n    exit 1\nfi\n# This output is used by Xcode 'outputs' to avoid re-running this script phase.\necho \"SUCCESS\" > \"${SCRIPT_OUTPUT_FILE_0}\"\n";
			showEnvVarsInLog = 0;
		};
/* End PBXShellScriptBuildPhase section */

/* Begin PBXSourcesBuildPhase section */
		314DBE85226731AC003D9BB7 /* Sources */ = {
			isa = PBXSourcesBuildPhase;
			buildActionMask = 2147483647;
			files = (
				314DBEDB22673EB0003D9BB7 /* Constants.swift in Sources */,
				314DBEE1226740B8003D9BB7 /* Service.swift in Sources */,
				314DBECA22673D18003D9BB7 /* UIImage+Extension.swift in Sources */,
				314DBEE3226740D8003D9BB7 /* Translation.swift in Sources */,
				314DBEEA2267431B003D9BB7 /* MovieService.swift in Sources */,
				314DBEDC22673EB0003D9BB7 /* Utility.swift in Sources */,
				314DBEE622674113003D9BB7 /* APIConstants.swift in Sources */,
				314DBEEC22674325003D9BB7 /* GenreService.swift in Sources */,
				314DBEC222673624003D9BB7 /* AppDelegate.swift in Sources */,
				314DBED722673E64003D9BB7 /* ProgressHUD.swift in Sources */,
				314DBEC122673624003D9BB7 /* ViewController.swift in Sources */,
			);
			runOnlyForDeploymentPostprocessing = 0;
		};
		314DBE99226731AD003D9BB7 /* Sources */ = {
			isa = PBXSourcesBuildPhase;
			buildActionMask = 2147483647;
			files = (
				314DBEA2226731AD003D9BB7 /* MovieExplorerTests.swift in Sources */,
			);
			runOnlyForDeploymentPostprocessing = 0;
		};
/* End PBXSourcesBuildPhase section */

/* Begin PBXTargetDependency section */
		314DBE9F226731AD003D9BB7 /* PBXTargetDependency */ = {
			isa = PBXTargetDependency;
			target = 314DBE88226731AC003D9BB7 /* MovieExplorer */;
			targetProxy = 314DBE9E226731AD003D9BB7 /* PBXContainerItemProxy */;
		};
/* End PBXTargetDependency section */

/* Begin PBXVariantGroup section */
		314DBEAE22673624003D9BB7 /* LaunchScreen.storyboard */ = {
			isa = PBXVariantGroup;
			children = (
				314DBEAF22673624003D9BB7 /* Base */,
			);
			name = LaunchScreen.storyboard;
			sourceTree = "<group>";
		};
		314DBEB622673624003D9BB7 /* Main.storyboard */ = {
			isa = PBXVariantGroup;
			children = (
				314DBEB722673624003D9BB7 /* Base */,
			);
			name = Main.storyboard;
			sourceTree = "<group>";
		};
/* End PBXVariantGroup section */

/* Begin XCBuildConfiguration section */
		314DBEA4226731AD003D9BB7 /* Debug */ = {
			isa = XCBuildConfiguration;
			buildSettings = {
				ALWAYS_SEARCH_USER_PATHS = NO;
				CLANG_ANALYZER_NONNULL = YES;
				CLANG_ANALYZER_NUMBER_OBJECT_CONVERSION = YES_AGGRESSIVE;
				CLANG_CXX_LANGUAGE_STANDARD = "gnu++14";
				CLANG_CXX_LIBRARY = "libc++";
				CLANG_ENABLE_MODULES = YES;
				CLANG_ENABLE_OBJC_ARC = YES;
				CLANG_ENABLE_OBJC_WEAK = YES;
				CLANG_WARN_BLOCK_CAPTURE_AUTORELEASING = YES;
				CLANG_WARN_BOOL_CONVERSION = YES;
				CLANG_WARN_COMMA = YES;
				CLANG_WARN_CONSTANT_CONVERSION = YES;
				CLANG_WARN_DEPRECATED_OBJC_IMPLEMENTATIONS = YES;
				CLANG_WARN_DIRECT_OBJC_ISA_USAGE = YES_ERROR;
				CLANG_WARN_DOCUMENTATION_COMMENTS = YES;
				CLANG_WARN_EMPTY_BODY = YES;
				CLANG_WARN_ENUM_CONVERSION = YES;
				CLANG_WARN_INFINITE_RECURSION = YES;
				CLANG_WARN_INT_CONVERSION = YES;
				CLANG_WARN_NON_LITERAL_NULL_CONVERSION = YES;
				CLANG_WARN_OBJC_IMPLICIT_RETAIN_SELF = YES;
				CLANG_WARN_OBJC_LITERAL_CONVERSION = YES;
				CLANG_WARN_OBJC_ROOT_CLASS = YES_ERROR;
				CLANG_WARN_RANGE_LOOP_ANALYSIS = YES;
				CLANG_WARN_STRICT_PROTOTYPES = YES;
				CLANG_WARN_SUSPICIOUS_MOVE = YES;
				CLANG_WARN_UNGUARDED_AVAILABILITY = YES_AGGRESSIVE;
				CLANG_WARN_UNREACHABLE_CODE = YES;
				CLANG_WARN__DUPLICATE_METHOD_MATCH = YES;
				CODE_SIGN_IDENTITY = "iPhone Developer";
				COPY_PHASE_STRIP = NO;
				DEBUG_INFORMATION_FORMAT = dwarf;
				ENABLE_STRICT_OBJC_MSGSEND = YES;
				ENABLE_TESTABILITY = YES;
				GCC_C_LANGUAGE_STANDARD = gnu11;
				GCC_DYNAMIC_NO_PIC = NO;
				GCC_NO_COMMON_BLOCKS = YES;
				GCC_OPTIMIZATION_LEVEL = 0;
				GCC_PREPROCESSOR_DEFINITIONS = (
					"DEBUG=1",
					"$(inherited)",
				);
				GCC_WARN_64_TO_32_BIT_CONVERSION = YES;
				GCC_WARN_ABOUT_RETURN_TYPE = YES_ERROR;
				GCC_WARN_UNDECLARED_SELECTOR = YES;
				GCC_WARN_UNINITIALIZED_AUTOS = YES_AGGRESSIVE;
				GCC_WARN_UNUSED_FUNCTION = YES;
				GCC_WARN_UNUSED_VARIABLE = YES;
				IPHONEOS_DEPLOYMENT_TARGET = 12.2;
				MTL_ENABLE_DEBUG_INFO = INCLUDE_SOURCE;
				MTL_FAST_MATH = YES;
				ONLY_ACTIVE_ARCH = YES;
				SDKROOT = iphoneos;
				SWIFT_ACTIVE_COMPILATION_CONDITIONS = DEBUG;
				SWIFT_OPTIMIZATION_LEVEL = "-Onone";
			};
			name = Debug;
		};
		314DBEA5226731AD003D9BB7 /* Release */ = {
			isa = XCBuildConfiguration;
			buildSettings = {
				ALWAYS_SEARCH_USER_PATHS = NO;
				CLANG_ANALYZER_NONNULL = YES;
				CLANG_ANALYZER_NUMBER_OBJECT_CONVERSION = YES_AGGRESSIVE;
				CLANG_CXX_LANGUAGE_STANDARD = "gnu++14";
				CLANG_CXX_LIBRARY = "libc++";
				CLANG_ENABLE_MODULES = YES;
				CLANG_ENABLE_OBJC_ARC = YES;
				CLANG_ENABLE_OBJC_WEAK = YES;
				CLANG_WARN_BLOCK_CAPTURE_AUTORELEASING = YES;
				CLANG_WARN_BOOL_CONVERSION = YES;
				CLANG_WARN_COMMA = YES;
				CLANG_WARN_CONSTANT_CONVERSION = YES;
				CLANG_WARN_DEPRECATED_OBJC_IMPLEMENTATIONS = YES;
				CLANG_WARN_DIRECT_OBJC_ISA_USAGE = YES_ERROR;
				CLANG_WARN_DOCUMENTATION_COMMENTS = YES;
				CLANG_WARN_EMPTY_BODY = YES;
				CLANG_WARN_ENUM_CONVERSION = YES;
				CLANG_WARN_INFINITE_RECURSION = YES;
				CLANG_WARN_INT_CONVERSION = YES;
				CLANG_WARN_NON_LITERAL_NULL_CONVERSION = YES;
				CLANG_WARN_OBJC_IMPLICIT_RETAIN_SELF = YES;
				CLANG_WARN_OBJC_LITERAL_CONVERSION = YES;
				CLANG_WARN_OBJC_ROOT_CLASS = YES_ERROR;
				CLANG_WARN_RANGE_LOOP_ANALYSIS = YES;
				CLANG_WARN_STRICT_PROTOTYPES = YES;
				CLANG_WARN_SUSPICIOUS_MOVE = YES;
				CLANG_WARN_UNGUARDED_AVAILABILITY = YES_AGGRESSIVE;
				CLANG_WARN_UNREACHABLE_CODE = YES;
				CLANG_WARN__DUPLICATE_METHOD_MATCH = YES;
				CODE_SIGN_IDENTITY = "iPhone Developer";
				COPY_PHASE_STRIP = NO;
				DEBUG_INFORMATION_FORMAT = "dwarf-with-dsym";
				ENABLE_NS_ASSERTIONS = NO;
				ENABLE_STRICT_OBJC_MSGSEND = YES;
				GCC_C_LANGUAGE_STANDARD = gnu11;
				GCC_NO_COMMON_BLOCKS = YES;
				GCC_WARN_64_TO_32_BIT_CONVERSION = YES;
				GCC_WARN_ABOUT_RETURN_TYPE = YES_ERROR;
				GCC_WARN_UNDECLARED_SELECTOR = YES;
				GCC_WARN_UNINITIALIZED_AUTOS = YES_AGGRESSIVE;
				GCC_WARN_UNUSED_FUNCTION = YES;
				GCC_WARN_UNUSED_VARIABLE = YES;
				IPHONEOS_DEPLOYMENT_TARGET = 12.2;
				MTL_ENABLE_DEBUG_INFO = NO;
				MTL_FAST_MATH = YES;
				SDKROOT = iphoneos;
				SWIFT_COMPILATION_MODE = wholemodule;
				SWIFT_OPTIMIZATION_LEVEL = "-O";
				VALIDATE_PRODUCT = YES;
			};
			name = Release;
		};
		314DBEA7226731AD003D9BB7 /* Debug */ = {
			isa = XCBuildConfiguration;
			baseConfigurationReference = 070AC8FACFB6460F4C4D162A /* Pods-MovieExplorer.debug.xcconfig */;
			buildSettings = {
				ASSETCATALOG_COMPILER_APPICON_NAME = AppIcon;
				CODE_SIGN_STYLE = Automatic;
				DEVELOPMENT_TEAM = 53G8DDUMRP;
				INFOPLIST_FILE = "MovieExplorer/Supporting Files/Info.plist";
				LD_RUNPATH_SEARCH_PATHS = (
					"$(inherited)",
					"@executable_path/Frameworks",
				);
				PRODUCT_BUNDLE_IDENTIFIER = com.sample.MovieExplorer;
				PRODUCT_NAME = "$(TARGET_NAME)";
				SWIFT_VERSION = 5.0;
				TARGETED_DEVICE_FAMILY = "1,2";
			};
			name = Debug;
		};
		314DBEA8226731AD003D9BB7 /* Release */ = {
			isa = XCBuildConfiguration;
			baseConfigurationReference = 30E6076B17EEFFB88AFEAF42 /* Pods-MovieExplorer.release.xcconfig */;
			buildSettings = {
				ASSETCATALOG_COMPILER_APPICON_NAME = AppIcon;
				CODE_SIGN_STYLE = Automatic;
				DEVELOPMENT_TEAM = 53G8DDUMRP;
				INFOPLIST_FILE = "MovieExplorer/Supporting Files/Info.plist";
				LD_RUNPATH_SEARCH_PATHS = (
					"$(inherited)",
					"@executable_path/Frameworks",
				);
				PRODUCT_BUNDLE_IDENTIFIER = com.sample.MovieExplorer;
				PRODUCT_NAME = "$(TARGET_NAME)";
				SWIFT_VERSION = 5.0;
				TARGETED_DEVICE_FAMILY = "1,2";
			};
			name = Release;
		};
		314DBEAA226731AD003D9BB7 /* Debug */ = {
			isa = XCBuildConfiguration;
			baseConfigurationReference = 886F4AB9865743521EB56EED /* Pods-MovieExplorerTests.debug.xcconfig */;
			buildSettings = {
				ALWAYS_EMBED_SWIFT_STANDARD_LIBRARIES = YES;
				BUNDLE_LOADER = "$(TEST_HOST)";
				CODE_SIGN_STYLE = Automatic;
				DEVELOPMENT_TEAM = 53G8DDUMRP;
				INFOPLIST_FILE = MovieExplorerTests/Info.plist;
				LD_RUNPATH_SEARCH_PATHS = (
					"$(inherited)",
					"@executable_path/Frameworks",
					"@loader_path/Frameworks",
				);
				PRODUCT_BUNDLE_IDENTIFIER = com.sample..MovieExplorerTests;
				PRODUCT_NAME = "$(TARGET_NAME)";
				SWIFT_VERSION = 5.0;
				TARGETED_DEVICE_FAMILY = "1,2";
				TEST_HOST = "$(BUILT_PRODUCTS_DIR)/MovieExplorer.app/MovieExplorer";
			};
			name = Debug;
		};
		314DBEAB226731AD003D9BB7 /* Release */ = {
			isa = XCBuildConfiguration;
			baseConfigurationReference = 804D7559862CEBC640BEC346 /* Pods-MovieExplorerTests.release.xcconfig */;
			buildSettings = {
				ALWAYS_EMBED_SWIFT_STANDARD_LIBRARIES = YES;
				BUNDLE_LOADER = "$(TEST_HOST)";
				CODE_SIGN_STYLE = Automatic;
				DEVELOPMENT_TEAM = 53G8DDUMRP;
				INFOPLIST_FILE = MovieExplorerTests/Info.plist;
				LD_RUNPATH_SEARCH_PATHS = (
					"$(inherited)",
					"@executable_path/Frameworks",
					"@loader_path/Frameworks",
				);
				PRODUCT_BUNDLE_IDENTIFIER = com.sample..MovieExplorerTests;
				PRODUCT_NAME = "$(TARGET_NAME)";
				SWIFT_VERSION = 5.0;
				TARGETED_DEVICE_FAMILY = "1,2";
				TEST_HOST = "$(BUILT_PRODUCTS_DIR)/MovieExplorer.app/MovieExplorer";
			};
			name = Release;
		};
/* End XCBuildConfiguration section */

/* Begin XCConfigurationList section */
		314DBE84226731AC003D9BB7 /* Build configuration list for PBXProject "MovieExplorer" */ = {
			isa = XCConfigurationList;
			buildConfigurations = (
				314DBEA4226731AD003D9BB7 /* Debug */,
				314DBEA5226731AD003D9BB7 /* Release */,
			);
			defaultConfigurationIsVisible = 0;
			defaultConfigurationName = Release;
		};
		314DBEA6226731AD003D9BB7 /* Build configuration list for PBXNativeTarget "MovieExplorer" */ = {
			isa = XCConfigurationList;
			buildConfigurations = (
				314DBEA7226731AD003D9BB7 /* Debug */,
				314DBEA8226731AD003D9BB7 /* Release */,
			);
			defaultConfigurationIsVisible = 0;
			defaultConfigurationName = Release;
		};
		314DBEA9226731AD003D9BB7 /* Build configuration list for PBXNativeTarget "MovieExplorerTests" */ = {
			isa = XCConfigurationList;
			buildConfigurations = (
				314DBEAA226731AD003D9BB7 /* Debug */,
				314DBEAB226731AD003D9BB7 /* Release */,
			);
			defaultConfigurationIsVisible = 0;
			defaultConfigurationName = Release;
		};
/* End XCConfigurationList section */
	};
	rootObject = 314DBE81226731AC003D9BB7 /* Project object */;
}
